
Microsoft Visual Studio Solution File, Format Version 12.00
# Visual Studio Version 17
VisualStudioVersion = 17.7.34202.233
MinimumVisualStudioVersion = 10.0.40219.1
Project("{FAE04EC0-301F-11D3-BF4B-00C04F79EFBC}") = "Prueba002", "Prueba002\Prueba002.csproj", "{62913C98-2058-4D7B-9766-17E537F0BF90}"
EndProject
Global
	GlobalSection(SolutionConfigurationPlatforms) = preSolution
		Debug|Any CPU = Debug|Any CPU
		Release|Any CPU = Release|Any CPU
	EndGlobalSection
	GlobalSection(ProjectConfigurationPlatforms) = postSolution
		{62913C98-2058-4D7B-9766-17E537F0BF90}.Debug|Any CPU.ActiveCfg = Debug|Any CPU
		{62913C98-2058-4D7B-9766-17E537F0BF90}.Debug|Any CPU.Build.0 = Debug|Any CPU
		{62913C98-2058-4D7B-9766-17E537F0BF90}.Release|Any CPU.ActiveCfg = Release|Any CPU
		{62913C98-2058-4D7B-9766-17E537F0BF90}.Release|Any CPU.Build.0 = Release|Any CPU
	EndGlobalSection
	GlobalSection(SolutionProperties) = preSolution
		HideSolutionNode = FALSE
	EndGlobalSection
	GlobalSection(ExtensibilityGlobals) = postSolution
		SolutionGuid = {39C359B7-7E29-4FBE-B057-6A8A0B822869}
	EndGlobalSection
EndGlobal
